
Microsoft Visual Studio Solution File, Format Version 12.00
Project("{FAE04EC0-301F-11D3-BF4B-00C04F79EFBC}") = "Rossman.Console", "Rossman.Console\Rossman.Console.csproj", "{6713008B-20EE-4A3E-853F-E05801040849}"
EndProject
Project("{FAE04EC0-301F-11D3-BF4B-00C04F79EFBC}") = "External.Assembly", "External.Assembly\External.Assembly.csproj", "{417D1E1C-5C6A-442F-B7FE-B8B0548028D3}"
EndProject
Global
	GlobalSection(SolutionConfigurationPlatforms) = preSolution
		Debug|Any CPU = Debug|Any CPU
		Release|Any CPU = Release|Any CPU
	EndGlobalSection
	GlobalSection(ProjectConfigurationPlatforms) = postSolution
		{6713008B-20EE-4A3E-853F-E05801040849}.Debug|Any CPU.ActiveCfg = Debug|Any CPU
		{6713008B-20EE-4A3E-853F-E05801040849}.Debug|Any CPU.Build.0 = Debug|Any CPU
		{6713008B-20EE-4A3E-853F-E05801040849}.Release|Any CPU.ActiveCfg = Release|Any CPU
		{6713008B-20EE-4A3E-853F-E05801040849}.Release|Any CPU.Build.0 = Release|Any CPU
		{417D1E1C-5C6A-442F-B7FE-B8B0548028D3}.Debug|Any CPU.ActiveCfg = Debug|Any CPU
		{417D1E1C-5C6A-442F-B7FE-B8B0548028D3}.Debug|Any CPU.Build.0 = Debug|Any CPU
		{417D1E1C-5C6A-442F-B7FE-B8B0548028D3}.Release|Any CPU.ActiveCfg = Release|Any CPU
		{417D1E1C-5C6A-442F-B7FE-B8B0548028D3}.Release|Any CPU.Build.0 = Release|Any CPU
	EndGlobalSection
EndGlobal
